
Microsoft Visual Studio Solution File, Format Version 12.00
# Visual Studio Version 16
VisualStudioVersion = 16.0.32106.194
MinimumVisualStudioVersion = 10.0.40219.1
Project("{9A19103F-16F7-4668-BE54-9A1E7A4F7556}") = "WPFUI", "WPFUI\WPFUI.csproj", "{5ED981F4-F412-482C-A3A5-9B95CB79B4CB}"
EndProject
Project("{9A19103F-16F7-4668-BE54-9A1E7A4F7556}") = "FALAAG.ViewModels", "FALAAG.ViewModels\FALAAG.ViewModels.csproj", "{C889B0CC-77F6-4037-9B44-10DEA891CC39}"
EndProject
Project("{9A19103F-16F7-4668-BE54-9A1E7A4F7556}") = "FALAAG.Models", "FALAAG.Models\FALAAG.Models.csproj", "{EFB8F566-3CFD-4179-BE66-DA978CD74EF5}"
EndProject
Project("{9A19103F-16F7-4668-BE54-9A1E7A4F7556}") = "FALAAG.Services", "FALAAG.Services\FALAAG.Services.csproj", "{E062F306-69DA-4942-B50F-7F56E29FAE38}"
EndProject
Project("{2150E333-8FDC-42A3-9474-1A3956D46DE8}") = "GameData", "GameData", "{88251530-FF24-4B41-B0CB-0513F915AA9C}"
	ProjectSection(SolutionItems) = preProject
		GameFiles\GameData\Automats.xml = GameFiles\GameData\Automats.xml
		GameFiles\GameData\Cells - New.xml = GameFiles\GameData\Cells - New.xml
		GameFiles\GameData\Cells.xml = GameFiles\GameData\Cells.xml
		GameFiles\GameData\Characters.xml = GameFiles\GameData\Characters.xml
		GameFiles\GameData\Chunks.xml = GameFiles\GameData\Chunks.xml
		GameFiles\GameData\Districts.xml = GameFiles\GameData\Districts.xml
		GameFiles\GameData\FeatureGroups.xml = GameFiles\GameData\FeatureGroups.xml
		GameFiles\GameData\Features.xml = GameFiles\GameData\Features.xml
		GameFiles\GameData\GameDetails.json = GameFiles\GameData\GameDetails.json
		GameFiles\GameData\Gates.xml = GameFiles\GameData\Gates.xml
		GameFiles\GameData\ItemGroups.xml = GameFiles\GameData\ItemGroups.xml
		GameFiles\GameData\Items.xml = GameFiles\GameData\Items.xml
		GameFiles\GameData\Jobs.xml = GameFiles\GameData\Jobs.xml
		Materials.xml = Materials.xml
		GameFiles\GameData\NPCs.xml = GameFiles\GameData\NPCs.xml
		GameFiles\GameData\Recipes.xml = GameFiles\GameData\Recipes.xml
	EndProjectSection
EndProject
Project("{2150E333-8FDC-42A3-9474-1A3956D46DE8}") = "Utilities", "Utilities", "{2AD88C1E-10EF-491C-9652-F96995ED6B72}"
	ProjectSection(SolutionItems) = preProject
		Utilities\XiMpLe.exe = Utilities\XiMpLe.exe
	EndProjectSection
EndProject
Project("{2150E333-8FDC-42A3-9474-1A3956D46DE8}") = "Docs", "Docs", "{5B589084-D0AC-46C6-991D-2992B4814D4E}"
	ProjectSection(SolutionItems) = preProject
		Docs\LicensesConsumed.md = Docs\LicensesConsumed.md
		Docs\Notes.md = Docs\Notes.md
	EndProjectSection
EndProject
Project("{9A19103F-16F7-4668-BE54-9A1E7A4F7556}") = "FALAAG.Core", "FALAAG.Core\FALAAG.Core.csproj", "{B0E13F05-CFFD-4911-B3E6-CF8D62D4C0D7}"
EndProject
Project("{2150E333-8FDC-42A3-9474-1A3956D46DE8}") = "GameFiles", "GameFiles", "{47C322D8-B037-4A90-9A2A-FE1A33661EBC}"
EndProject
Global
	GlobalSection(SolutionConfigurationPlatforms) = preSolution
		Debug|Any CPU = Debug|Any CPU
		Release|Any CPU = Release|Any CPU
	EndGlobalSection
	GlobalSection(ProjectConfigurationPlatforms) = postSolution
		{5ED981F4-F412-482C-A3A5-9B95CB79B4CB}.Debug|Any CPU.ActiveCfg = Debug|Any CPU
		{5ED981F4-F412-482C-A3A5-9B95CB79B4CB}.Debug|Any CPU.Build.0 = Debug|Any CPU
		{5ED981F4-F412-482C-A3A5-9B95CB79B4CB}.Release|Any CPU.ActiveCfg = Release|Any CPU
		{5ED981F4-F412-482C-A3A5-9B95CB79B4CB}.Release|Any CPU.Build.0 = Release|Any CPU
		{C889B0CC-77F6-4037-9B44-10DEA891CC39}.Debug|Any CPU.ActiveCfg = Debug|Any CPU
		{C889B0CC-77F6-4037-9B44-10DEA891CC39}.Debug|Any CPU.Build.0 = Debug|Any CPU
		{C889B0CC-77F6-4037-9B44-10DEA891CC39}.Release|Any CPU.ActiveCfg = Release|Any CPU
		{C889B0CC-77F6-4037-9B44-10DEA891CC39}.Release|Any CPU.Build.0 = Release|Any CPU
		{EFB8F566-3CFD-4179-BE66-DA978CD74EF5}.Debug|Any CPU.ActiveCfg = Debug|Any CPU
		{EFB8F566-3CFD-4179-BE66-DA978CD74EF5}.Debug|Any CPU.Build.0 = Debug|Any CPU
		{EFB8F566-3CFD-4179-BE66-DA978CD74EF5}.Release|Any CPU.ActiveCfg = Release|Any CPU
		{EFB8F566-3CFD-4179-BE66-DA978CD74EF5}.Release|Any CPU.Build.0 = Release|Any CPU
		{E062F306-69DA-4942-B50F-7F56E29FAE38}.Debug|Any CPU.ActiveCfg = Debug|Any CPU
		{E062F306-69DA-4942-B50F-7F56E29FAE38}.Debug|Any CPU.Build.0 = Debug|Any CPU
		{E062F306-69DA-4942-B50F-7F56E29FAE38}.Release|Any CPU.ActiveCfg = Release|Any CPU
		{E062F306-69DA-4942-B50F-7F56E29FAE38}.Release|Any CPU.Build.0 = Release|Any CPU
		{B0E13F05-CFFD-4911-B3E6-CF8D62D4C0D7}.Debug|Any CPU.ActiveCfg = Debug|Any CPU
		{B0E13F05-CFFD-4911-B3E6-CF8D62D4C0D7}.Debug|Any CPU.Build.0 = Debug|Any CPU
		{B0E13F05-CFFD-4911-B3E6-CF8D62D4C0D7}.Release|Any CPU.ActiveCfg = Release|Any CPU
		{B0E13F05-CFFD-4911-B3E6-CF8D62D4C0D7}.Release|Any CPU.Build.0 = Release|Any CPU
	EndGlobalSection
	GlobalSection(SolutionProperties) = preSolution
		HideSolutionNode = FALSE
	EndGlobalSection
	GlobalSection(NestedProjects) = preSolution
		{88251530-FF24-4B41-B0CB-0513F915AA9C} = {47C322D8-B037-4A90-9A2A-FE1A33661EBC}
	EndGlobalSection
	GlobalSection(ExtensibilityGlobals) = postSolution
		SolutionGuid = {87337AD4-371A-4259-8407-4E7228B39FAE}
	EndGlobalSection
EndGlobal
